# Generated by pub
# See http://pub.dartlang.org/doc/glossary.html#lockfile

{"packages":{"box2d":{"version":"0.1.4","source":"git","description":{"url":"https://github.com/google/dartbox2d.git","ref":null,"resolved-ref":"c45d64d2070e2f8225afe68e52074ee0bf24e713"}},"browser":{"version":"0.4.7+1","source":"hosted","description":"browser"},"vector_math":{"version":"0.9.7","source":"hosted","description":"vector_math"},"unittest":{"version":"0.4.7+1","source":"hosted","description":"unittest"},"bot":{"version":"0.20.0","source":"hosted","description":"bot"},"meta":{"version":"0.4.7+1","source":"hosted","description":"meta"},"pathos":{"version":"0.4.7+1","source":"hosted","description":"pathos"}}}
