# Generated by pub
# See http://pub.dartlang.org/doc/glossary.html#lockfile
packages:
  box2d:
    description:
      ref: null
      resolved-ref: c9e5ed57cd159ef4b13302b3ec0ba65cc238970f
      url: "https://github.com/dart-lang/dart-box2d.git"
    source: git
    version: "0.1.6"
  browser:
    description: browser
    source: hosted
    version: "0.5.20"
